{
  "lockfileVersion": 1,
  "configVersion": 0,
  "workspaces": {
    "": {
      "name": "odds-protocol-monorepo",
      "dependencies": {
        "fast-check": "^4.4.0",
      },
      "devDependencies": {
        "typescript": "^5.0.0",
      },
    },
  },
  "packages": {
    "fast-check": ["fast-check@4.4.0", "", { "dependencies": { "pure-rand": "^7.0.0" } }, "sha512-s87BFAp8YaWYOBXjbTxeotaOhmA4hPYAyk9gBTFxdab25P6eAlqrryUvVMA2qd9bT/0Xq+YNJGtoVhJd/BxI4g=="],

    "pure-rand": ["pure-rand@7.0.1", "", {}, "sha512-oTUZM/NAZS8p7ANR3SHh30kXB+zK2r2BPcEn/awJIbOvq82WoMN4p62AWWp3Hhw50G0xMsw1mhIBLqHw64EcNQ=="],

    "typescript": ["typescript@5.9.3", "", { "bin": { "tsc": "bin/tsc", "tsserver": "bin/tsserver" } }, "sha512-jl1vZzPDinLr9eUt3J/t7V6FgNEw9QjvBPdysz9KfQDD41fQrC2Y4vKQdiaUpFT4bXlb1RHhLpp8wtm6M5TgSw=="],
  }
}
